{
  "nodes": {
    "apple-silicon-support": {
      "inputs": {
        "flake-compat": "flake-compat",
        "nixpkgs": [
          "nixpkgs"
        ],
        "rust-overlay": "rust-overlay"
      },
      "locked": {
        "lastModified": 1716699938,
        "narHash": "sha256-AzTYm22tTDJy0tSqMDf95rmCxxoGTPClu0paGPeh5a0=",
        "owner": "tpwrules",
        "repo": "nixos-apple-silicon",
        "rev": "842306255856d7f5677c113e699101eb253e2e3f",
        "type": "github"
      },
      "original": {
        "owner": "tpwrules",
        "repo": "nixos-apple-silicon",
        "type": "github"
      }
    },
    "flake-compat": {
      "locked": {
        "lastModified": 1688025799,
        "narHash": "sha256-ktpB4dRtnksm9F5WawoIkEneh1nrEvuxb5lJFt1iOyw=",
        "owner": "nix-community",
        "repo": "flake-compat",
        "rev": "8bf105319d44f6b9f0d764efa4fdef9f1cc9ba1c",
        "type": "github"
      },
      "original": {
        "owner": "nix-community",
        "repo": "flake-compat",
        "type": "github"
      }
    },
    "home-manager": {
      "inputs": {
        "nixpkgs": [
          "nixpkgs"
        ]
      },
      "locked": {
        "lastModified": 1717316182,
        "narHash": "sha256-Xi0EpZcu39N0eW7apLjFfUOR9y80toyjYizez7J1wMI=",
        "owner": "nix-community",
        "repo": "home-manager",
        "rev": "9b53a10f4c91892f5af87cf55d08fba59ca086af",
        "type": "github"
      },
      "original": {
        "owner": "nix-community",
        "repo": "home-manager",
        "type": "github"
      }
    },
    "maximbaz-private": {
      "locked": {
        "dirtyRev": "9eb285094a0f0452c59b31c9f2c10e04e1c2c447-dirty",
        "dirtyShortRev": "9eb2850-dirty",
        "lastModified": 1717280541,
        "narHash": "sha256-sMHYDa68eag9i2IZto3SF2T7MYPWK7ZlTg3OeXcyE68=",
        "type": "git",
        "url": "file:///home/maximbaz/.dotfiles-private"
      },
      "original": {
        "type": "git",
        "url": "file:///home/maximbaz/.dotfiles-private"
      }
    },
    "nixpkgs": {
      "locked": {
        "lastModified": 1716948383,
        "narHash": "sha256-SzDKxseEcHR5KzPXLwsemyTR/kaM9whxeiJohbL04rs=",
        "owner": "nixos",
        "repo": "nixpkgs",
        "rev": "ad57eef4ef0659193044870c731987a6df5cf56b",
        "type": "github"
      },
      "original": {
        "owner": "nixos",
        "ref": "nixos-unstable",
        "repo": "nixpkgs",
        "type": "github"
      }
    },
    "root": {
      "inputs": {
        "apple-silicon-support": "apple-silicon-support",
        "home-manager": "home-manager",
        "maximbaz-private": "maximbaz-private",
        "nixpkgs": "nixpkgs"
      }
    },
    "rust-overlay": {
      "flake": false,
      "locked": {
        "lastModified": 1686795910,
        "narHash": "sha256-jDa40qRZ0GRQtP9EMZdf+uCbvzuLnJglTUI2JoHfWDc=",
        "owner": "oxalica",
        "repo": "rust-overlay",
        "rev": "5c2b97c0a9bc5217fc3dfb1555aae0fb756d99f9",
        "type": "github"
      },
      "original": {
        "owner": "oxalica",
        "repo": "rust-overlay",
        "type": "github"
      }
    }
  },
  "root": "root",
  "version": 7
}
