{
  "nodes": {
    "apple-silicon-support": {
      "inputs": {
        "flake-compat": "flake-compat",
        "nixpkgs": [
          "nixpkgs"
        ],
        "rust-overlay": "rust-overlay"
      },
      "locked": {
        "lastModified": 1716699938,
        "narHash": "sha256-AzTYm22tTDJy0tSqMDf95rmCxxoGTPClu0paGPeh5a0=",
        "owner": "tpwrules",
        "repo": "nixos-apple-silicon",
        "rev": "842306255856d7f5677c113e699101eb253e2e3f",
        "type": "github"
      },
      "original": {
        "owner": "tpwrules",
        "repo": "nixos-apple-silicon",
        "type": "github"
      }
    },
    "flake-compat": {
      "locked": {
        "lastModified": 1688025799,
        "narHash": "sha256-ktpB4dRtnksm9F5WawoIkEneh1nrEvuxb5lJFt1iOyw=",
        "owner": "nix-community",
        "repo": "flake-compat",
        "rev": "8bf105319d44f6b9f0d764efa4fdef9f1cc9ba1c",
        "type": "github"
      },
      "original": {
        "owner": "nix-community",
        "repo": "flake-compat",
        "type": "github"
      }
    },
    "home-manager": {
      "inputs": {
        "nixpkgs": [
          "nixpkgs"
        ]
      },
      "locked": {
        "lastModified": 1717931644,
        "narHash": "sha256-Sz8Wh9cAiD5FhL8UWvZxBfnvxETSCVZlqWSYWaCPyu0=",
        "owner": "nix-community",
        "repo": "home-manager",
        "rev": "3d65009effd77cb0d6e7520b68b039836a7606cf",
        "type": "github"
      },
      "original": {
        "owner": "nix-community",
        "repo": "home-manager",
        "type": "github"
      }
    },
    "maximbaz-private": {
      "locked": {
        "dirtyRev": "016df8f5bcbb30ce763ecdc6a9de6bf7c9b31c1d-dirty",
        "dirtyShortRev": "016df8f-dirty",
        "lastModified": 1717950328,
        "narHash": "sha256-RYp3OC2g8J3ChzkYiZysdLpeTxvAr6I/u1OK1vM6xeY=",
        "type": "git",
        "url": "file:///home/maximbaz/.dotfiles-private"
      },
      "original": {
        "type": "git",
        "url": "file:///home/maximbaz/.dotfiles-private"
      }
    },
    "nixpkgs": {
      "locked": {
        "lastModified": 1717786204,
        "narHash": "sha256-4q0s6m0GUcN7q+Y2DqD27iLvbcd1G50T2lv08kKxkSI=",
        "owner": "nixos",
        "repo": "nixpkgs",
        "rev": "051f920625ab5aabe37c920346e3e69d7d34400e",
        "type": "github"
      },
      "original": {
        "owner": "nixos",
        "ref": "nixos-unstable",
        "repo": "nixpkgs",
        "type": "github"
      }
    },
    "root": {
      "inputs": {
        "apple-silicon-support": "apple-silicon-support",
        "home-manager": "home-manager",
        "maximbaz-private": "maximbaz-private",
        "nixpkgs": "nixpkgs"
      }
    },
    "rust-overlay": {
      "flake": false,
      "locked": {
        "lastModified": 1686795910,
        "narHash": "sha256-jDa40qRZ0GRQtP9EMZdf+uCbvzuLnJglTUI2JoHfWDc=",
        "owner": "oxalica",
        "repo": "rust-overlay",
        "rev": "5c2b97c0a9bc5217fc3dfb1555aae0fb756d99f9",
        "type": "github"
      },
      "original": {
        "owner": "oxalica",
        "repo": "rust-overlay",
        "type": "github"
      }
    }
  },
  "root": "root",
  "version": 7
}
